
Microsoft Visual Studio Solution File, Format Version 12.00
# Visual Studio Version 17
VisualStudioVersion = 17.4.33122.133
MinimumVisualStudioVersion = 10.0.40219.1
Project("{FAE04EC0-301F-11D3-BF4B-00C04F79EFBC}") = "Chosen Academy", "Chosen Academy\Chosen Academy.csproj", "{DFA4A1DF-DDF8-4CCA-A92D-8E0AE46158FD}"
EndProject
Global
	GlobalSection(SolutionConfigurationPlatforms) = preSolution
		Debug|Any CPU = Debug|Any CPU
		Release|Any CPU = Release|Any CPU
	EndGlobalSection
	GlobalSection(ProjectConfigurationPlatforms) = postSolution
		{DFA4A1DF-DDF8-4CCA-A92D-8E0AE46158FD}.Debug|Any CPU.ActiveCfg = Debug|Any CPU
		{DFA4A1DF-DDF8-4CCA-A92D-8E0AE46158FD}.Debug|Any CPU.Build.0 = Debug|Any CPU
		{DFA4A1DF-DDF8-4CCA-A92D-8E0AE46158FD}.Release|Any CPU.ActiveCfg = Release|Any CPU
		{DFA4A1DF-DDF8-4CCA-A92D-8E0AE46158FD}.Release|Any CPU.Build.0 = Release|Any CPU
	EndGlobalSection
	GlobalSection(SolutionProperties) = preSolution
		HideSolutionNode = FALSE
	EndGlobalSection
	GlobalSection(ExtensibilityGlobals) = postSolution
		SolutionGuid = {E96420C9-2022-4FD1-AFA7-16AB53466547}
	EndGlobalSection
EndGlobal
